
Microsoft Visual Studio Solution File, Format Version 12.00
# Visual Studio 2012
Project("{FAE04EC0-301F-11D3-BF4B-00C04F79EFBC}") = "ClassLibrary8", "ClassLibrary8\ClassLibrary8.csproj", "{0F1A5F07-CF37-447D-A154-0F11E8D06EDD}"
EndProject
Global
	GlobalSection(SolutionConfigurationPlatforms) = preSolution
		Debug|Any CPU = Debug|Any CPU
		Release|Any CPU = Release|Any CPU
	EndGlobalSection
	GlobalSection(ProjectConfigurationPlatforms) = postSolution
		{0F1A5F07-CF37-447D-A154-0F11E8D06EDD}.Debug|Any CPU.ActiveCfg = Debug|Any CPU
		{0F1A5F07-CF37-447D-A154-0F11E8D06EDD}.Debug|Any CPU.Build.0 = Debug|Any CPU
		{0F1A5F07-CF37-447D-A154-0F11E8D06EDD}.Release|Any CPU.ActiveCfg = Release|Any CPU
		{0F1A5F07-CF37-447D-A154-0F11E8D06EDD}.Release|Any CPU.Build.0 = Release|Any CPU
	EndGlobalSection
	GlobalSection(SolutionProperties) = preSolution
		HideSolutionNode = FALSE
	EndGlobalSection
EndGlobal
